# THIS IS AN AUTOGENERATED FILE. DO NOT EDIT THIS FILE DIRECTLY.
# yarn lockfile v1


"@types/google-apps-script@^1.0.7":
  version "1.0.7"
  resolved "https://registry.yarnpkg.com/@types/google-apps-script/-/google-apps-script-1.0.7.tgz#b7371388935fe113464851ae3a4c63ebc2578628"
  integrity sha512-qLSO3MZDf7k8FLiSLFWFri8wnzqdgWBrDHpt7Fhh8oGJ196LVAToyFpksgx7gGbKwMFPxo8RnCm9bl2FpfM9Bw==
